
Microsoft Visual Studio Solution File, Format Version 12.00
# Visual Studio Version 16
VisualStudioVersion = 16.0.29709.97
MinimumVisualStudioVersion = 10.0.40219.1
Project("{FAE04EC0-301F-11D3-BF4B-00C04F79EFBC}") = "ImageConverter", "ImageConverter.csproj", "{EDB6CF36-87CB-4916-B0ED-26CB62DEF88B}"
EndProject
Global
	GlobalSection(SolutionConfigurationPlatforms) = preSolution
		Debug|Any CPU = Debug|Any CPU
		Release|Any CPU = Release|Any CPU
	EndGlobalSection
	GlobalSection(ProjectConfigurationPlatforms) = postSolution
		{EDB6CF36-87CB-4916-B0ED-26CB62DEF88B}.Debug|Any CPU.ActiveCfg = Debug|Any CPU
		{EDB6CF36-87CB-4916-B0ED-26CB62DEF88B}.Debug|Any CPU.Build.0 = Debug|Any CPU
		{EDB6CF36-87CB-4916-B0ED-26CB62DEF88B}.Release|Any CPU.ActiveCfg = Release|Any CPU
		{EDB6CF36-87CB-4916-B0ED-26CB62DEF88B}.Release|Any CPU.Build.0 = Release|Any CPU
	EndGlobalSection
	GlobalSection(SolutionProperties) = preSolution
		HideSolutionNode = FALSE
	EndGlobalSection
	GlobalSection(ExtensibilityGlobals) = postSolution
		SolutionGuid = {B83E45E5-F1BB-4304-A2E0-732C059BCA11}
	EndGlobalSection
EndGlobal
