
Microsoft Visual Studio Solution File, Format Version 12.00
# Visual Studio Version 16
VisualStudioVersion = 16.0.29709.97
MinimumVisualStudioVersion = 10.0.40219.1
Project("{9A19103F-16F7-4668-BE54-9A1E7A4F7556}") = "ImageConverter", "ImageConverter.csproj", "{EDB6CF36-87CB-4916-B0ED-26CB62DEF88B}"
	ProjectSection(ProjectDependencies) = postProject
		{F93F36D1-7AD7-4B16-B212-90CCAD43B062} = {F93F36D1-7AD7-4B16-B212-90CCAD43B062}
	EndProjectSection
EndProject
Project("{9A19103F-16F7-4668-BE54-9A1E7A4F7556}") = "PluginLoadEnv", "..\PluginLoadEnv\PluginLoadEnv.csproj", "{F93F36D1-7AD7-4B16-B212-90CCAD43B062}"
EndProject
Project("{9A19103F-16F7-4668-BE54-9A1E7A4F7556}") = "TtfConverter", "..\Plugins\TtfConverter\TtfConverter.csproj", "{498DC90A-19B0-4DA6-8A75-F997DE746AB5}"
	ProjectSection(ProjectDependencies) = postProject
		{F93F36D1-7AD7-4B16-B212-90CCAD43B062} = {F93F36D1-7AD7-4B16-B212-90CCAD43B062}
	EndProjectSection
EndProject
Global
	GlobalSection(SolutionConfigurationPlatforms) = preSolution
		Debug|Any CPU = Debug|Any CPU
		Release|Any CPU = Release|Any CPU
	EndGlobalSection
	GlobalSection(ProjectConfigurationPlatforms) = postSolution
		{EDB6CF36-87CB-4916-B0ED-26CB62DEF88B}.Debug|Any CPU.ActiveCfg = Debug|Any CPU
		{EDB6CF36-87CB-4916-B0ED-26CB62DEF88B}.Debug|Any CPU.Build.0 = Debug|Any CPU
		{EDB6CF36-87CB-4916-B0ED-26CB62DEF88B}.Release|Any CPU.ActiveCfg = Release|Any CPU
		{EDB6CF36-87CB-4916-B0ED-26CB62DEF88B}.Release|Any CPU.Build.0 = Release|Any CPU
		{F93F36D1-7AD7-4B16-B212-90CCAD43B062}.Debug|Any CPU.ActiveCfg = Debug|Any CPU
		{F93F36D1-7AD7-4B16-B212-90CCAD43B062}.Debug|Any CPU.Build.0 = Debug|Any CPU
		{F93F36D1-7AD7-4B16-B212-90CCAD43B062}.Release|Any CPU.ActiveCfg = Release|Any CPU
		{F93F36D1-7AD7-4B16-B212-90CCAD43B062}.Release|Any CPU.Build.0 = Release|Any CPU
		{498DC90A-19B0-4DA6-8A75-F997DE746AB5}.Debug|Any CPU.ActiveCfg = Debug|Any CPU
		{498DC90A-19B0-4DA6-8A75-F997DE746AB5}.Debug|Any CPU.Build.0 = Debug|Any CPU
		{498DC90A-19B0-4DA6-8A75-F997DE746AB5}.Release|Any CPU.ActiveCfg = Release|Any CPU
		{498DC90A-19B0-4DA6-8A75-F997DE746AB5}.Release|Any CPU.Build.0 = Release|Any CPU
	EndGlobalSection
	GlobalSection(SolutionProperties) = preSolution
		HideSolutionNode = FALSE
	EndGlobalSection
	GlobalSection(ExtensibilityGlobals) = postSolution
		SolutionGuid = {B83E45E5-F1BB-4304-A2E0-732C059BCA11}
	EndGlobalSection
EndGlobal
